
Microsoft Visual Studio Solution File, Format Version 12.00
# Visual Studio Version 17
VisualStudioVersion = 17.5.33530.505
MinimumVisualStudioVersion = 10.0.40219.1
Project("{FAE04EC0-301F-11D3-BF4B-00C04F79EFBC}") = "TempNuke", "TempNuke\TempNuke.csproj", "{A7248CBF-9F5D-490F-822C-EE3F6362D40A}"
EndProject
Global
	GlobalSection(SolutionConfigurationPlatforms) = preSolution
		Debug|Any CPU = Debug|Any CPU
		Release|Any CPU = Release|Any CPU
	EndGlobalSection
	GlobalSection(ProjectConfigurationPlatforms) = postSolution
		{A7248CBF-9F5D-490F-822C-EE3F6362D40A}.Debug|Any CPU.ActiveCfg = Debug|Any CPU
		{A7248CBF-9F5D-490F-822C-EE3F6362D40A}.Debug|Any CPU.Build.0 = Debug|Any CPU
		{A7248CBF-9F5D-490F-822C-EE3F6362D40A}.Release|Any CPU.ActiveCfg = Release|Any CPU
		{A7248CBF-9F5D-490F-822C-EE3F6362D40A}.Release|Any CPU.Build.0 = Release|Any CPU
	EndGlobalSection
	GlobalSection(SolutionProperties) = preSolution
		HideSolutionNode = FALSE
	EndGlobalSection
	GlobalSection(ExtensibilityGlobals) = postSolution
		SolutionGuid = {33B3747F-2FA0-49CC-8501-7CDE41635148}
	EndGlobalSection
EndGlobal
